// !$*UTF8*$!
{
	archiveVersion = 1;
	classes = {
	};
	objectVersion = 46;
	objects = {

/* Begin PBXBuildFile section */
		B768D7FC1B50B41D00D2FEF7 /* SuperViewController.m in Sources */ = {isa = PBXBuildFile; fileRef = B768D7FB1B50B41D00D2FEF7 /* SuperViewController.m */; };
		B768D7FF1B50C44200D2FEF7 /* SignupViewController.m in Sources */ = {isa = PBXBuildFile; fileRef = B768D7FE1B50C44200D2FEF7 /* SignupViewController.m */; };
		B768D8021B50D36D00D2FEF7 /* TutorialViewController.m in Sources */ = {isa = PBXBuildFile; fileRef = B768D8011B50D36D00D2FEF7 /* TutorialViewController.m */; };
		B768D8221B50E54B00D2FEF7 /* MBProgressHUD.m in Sources */ = {isa = PBXBuildFile; fileRef = B768D8061B50E54B00D2FEF7 /* MBProgressHUD.m */; };
		B768D8231B50E54B00D2FEF7 /* CAAnimation+PKIdentifier.m in Sources */ = {isa = PBXBuildFile; fileRef = B768D80A1B50E54B00D2FEF7 /* CAAnimation+PKIdentifier.m */; };
		B768D8241B50E54B00D2FEF7 /* CALayer+PKConvenienceAnimations.m in Sources */ = {isa = PBXBuildFile; fileRef = B768D80C1B50E54B00D2FEF7 /* CALayer+PKConvenienceAnimations.m */; };
		B768D8251B50E54B00D2FEF7 /* NSObject+PKBlocks.m in Sources */ = {isa = PBXBuildFile; fileRef = B768D80E1B50E54B00D2FEF7 /* NSObject+PKBlocks.m */; };
		B768D8261B50E54B00D2FEF7 /* UIViewController+PKRevealController.m in Sources */ = {isa = PBXBuildFile; fileRef = B768D8101B50E54B00D2FEF7 /* UIViewController+PKRevealController.m */; };
		B768D8271B50E54B00D2FEF7 /* PKRevealControllerView.m in Sources */ = {isa = PBXBuildFile; fileRef = B768D8131B50E54B00D2FEF7 /* PKRevealControllerView.m */; };
		B768D8281B50E54B00D2FEF7 /* PKAnimation.m in Sources */ = {isa = PBXBuildFile; fileRef = B768D8181B50E54B00D2FEF7 /* PKAnimation.m */; };
		B768D8291B50E54B00D2FEF7 /* PKLayerAnimator.m in Sources */ = {isa = PBXBuildFile; fileRef = B768D81A1B50E54B00D2FEF7 /* PKLayerAnimator.m */; };
		B768D82A1B50E54B00D2FEF7 /* PKSequentialAnimation.m in Sources */ = {isa = PBXBuildFile; fileRef = B768D81C1B50E54B00D2FEF7 /* PKSequentialAnimation.m */; };
		B768D82B1B50E54B00D2FEF7 /* PKLog.m in Sources */ = {isa = PBXBuildFile; fileRef = B768D81F1B50E54B00D2FEF7 /* PKLog.m */; };
		B768D82C1B50E54B00D2FEF7 /* PKRevealController.m in Sources */ = {isa = PBXBuildFile; fileRef = B768D8211B50E54B00D2FEF7 /* PKRevealController.m */; };
		B768D82F1B50E5BB00D2FEF7 /* MainViewController.m in Sources */ = {isa = PBXBuildFile; fileRef = B768D82E1B50E5BB00D2FEF7 /* MainViewController.m */; };
		B7A58F241B4DFC3800C408D8 /* AppDelegate.m in Sources */ = {isa = PBXBuildFile; fileRef = B7A58F181B4DFC3800C408D8 /* AppDelegate.m */; };
		B7A58F251B4DFC3800C408D8 /* SplashViewController.m in Sources */ = {isa = PBXBuildFile; fileRef = B7A58F1A1B4DFC3800C408D8 /* SplashViewController.m */; };
		B7A58F261B4DFC3800C408D8 /* Images.xcassets in Resources */ = {isa = PBXBuildFile; fileRef = B7A58F1C1B4DFC3800C408D8 /* Images.xcassets */; };
		B7A58F271B4DFC3800C408D8 /* LaunchScreen.xib in Resources */ = {isa = PBXBuildFile; fileRef = B7A58F1D1B4DFC3800C408D8 /* LaunchScreen.xib */; };
		B7A58F2A1B4DFC3800C408D8 /* Profit_Protector.xcdatamodeld in Sources */ = {isa = PBXBuildFile; fileRef = B7A58F211B4DFC3800C408D8 /* Profit_Protector.xcdatamodeld */; };
		B7A58F2B1B4DFC3800C408D8 /* main.m in Sources */ = {isa = PBXBuildFile; fileRef = B7A58F231B4DFC3800C408D8 /* main.m */; };
/* End PBXBuildFile section */

/* Begin PBXFileReference section */
		B768D7FA1B50B41D00D2FEF7 /* SuperViewController.h */ = {isa = PBXFileReference; fileEncoding = 4; lastKnownFileType = sourcecode.c.h; path = SuperViewController.h; sourceTree = "<group>"; };
		B768D7FB1B50B41D00D2FEF7 /* SuperViewController.m */ = {isa = PBXFileReference; fileEncoding = 4; lastKnownFileType = sourcecode.c.objc; path = SuperViewController.m; sourceTree = "<group>"; };
		B768D7FD1B50C44200D2FEF7 /* SignupViewController.h */ = {isa = PBXFileReference; fileEncoding = 4; lastKnownFileType = sourcecode.c.h; path = SignupViewController.h; sourceTree = "<group>"; };
		B768D7FE1B50C44200D2FEF7 /* SignupViewController.m */ = {isa = PBXFileReference; fileEncoding = 4; lastKnownFileType = sourcecode.c.objc; path = SignupViewController.m; sourceTree = "<group>"; };
		B768D8001B50D36D00D2FEF7 /* TutorialViewController.h */ = {isa = PBXFileReference; fileEncoding = 4; lastKnownFileType = sourcecode.c.h; path = TutorialViewController.h; sourceTree = "<group>"; };
		B768D8011B50D36D00D2FEF7 /* TutorialViewController.m */ = {isa = PBXFileReference; fileEncoding = 4; lastKnownFileType = sourcecode.c.objc; path = TutorialViewController.m; sourceTree = "<group>"; };
		B768D8031B50E29C00D2FEF7 /* Constants.h */ = {isa = PBXFileReference; fileEncoding = 4; lastKnownFileType = sourcecode.c.h; path = Constants.h; sourceTree = "<group>"; };
		B768D8051B50E54B00D2FEF7 /* MBProgressHUD.h */ = {isa = PBXFileReference; fileEncoding = 4; lastKnownFileType = sourcecode.c.h; path = MBProgressHUD.h; sourceTree = "<group>"; };
		B768D8061B50E54B00D2FEF7 /* MBProgressHUD.m */ = {isa = PBXFileReference; fileEncoding = 4; lastKnownFileType = sourcecode.c.objc; path = MBProgressHUD.m; sourceTree = "<group>"; };
		B768D8091B50E54B00D2FEF7 /* CAAnimation+PKIdentifier.h */ = {isa = PBXFileReference; fileEncoding = 4; lastKnownFileType = sourcecode.c.h; path = "CAAnimation+PKIdentifier.h"; sourceTree = "<group>"; };
		B768D80A1B50E54B00D2FEF7 /* CAAnimation+PKIdentifier.m */ = {isa = PBXFileReference; fileEncoding = 4; lastKnownFileType = sourcecode.c.objc; path = "CAAnimation+PKIdentifier.m"; sourceTree = "<group>"; };
		B768D80B1B50E54B00D2FEF7 /* CALayer+PKConvenienceAnimations.h */ = {isa = PBXFileReference; fileEncoding = 4; lastKnownFileType = sourcecode.c.h; path = "CALayer+PKConvenienceAnimations.h"; sourceTree = "<group>"; };
		B768D80C1B50E54B00D2FEF7 /* CALayer+PKConvenienceAnimations.m */ = {isa = PBXFileReference; fileEncoding = 4; lastKnownFileType = sourcecode.c.objc; path = "CALayer+PKConvenienceAnimations.m"; sourceTree = "<group>"; };
		B768D80D1B50E54B00D2FEF7 /* NSObject+PKBlocks.h */ = {isa = PBXFileReference; fileEncoding = 4; lastKnownFileType = sourcecode.c.h; path = "NSObject+PKBlocks.h"; sourceTree = "<group>"; };
		B768D80E1B50E54B00D2FEF7 /* NSObject+PKBlocks.m */ = {isa = PBXFileReference; fileEncoding = 4; lastKnownFileType = sourcecode.c.objc; path = "NSObject+PKBlocks.m"; sourceTree = "<group>"; };
		B768D80F1B50E54B00D2FEF7 /* UIViewController+PKRevealController.h */ = {isa = PBXFileReference; fileEncoding = 4; lastKnownFileType = sourcecode.c.h; path = "UIViewController+PKRevealController.h"; sourceTree = "<group>"; };
		B768D8101B50E54B00D2FEF7 /* UIViewController+PKRevealController.m */ = {isa = PBXFileReference; fileEncoding = 4; lastKnownFileType = sourcecode.c.objc; path = "UIViewController+PKRevealController.m"; sourceTree = "<group>"; };
		B768D8121B50E54B00D2FEF7 /* PKRevealControllerView.h */ = {isa = PBXFileReference; fileEncoding = 4; lastKnownFileType = sourcecode.c.h; path = PKRevealControllerView.h; sourceTree = "<group>"; };
		B768D8131B50E54B00D2FEF7 /* PKRevealControllerView.m */ = {isa = PBXFileReference; fileEncoding = 4; lastKnownFileType = sourcecode.c.objc; path = PKRevealControllerView.m; sourceTree = "<group>"; };
		B768D8161B50E54B00D2FEF7 /* PKAnimating.h */ = {isa = PBXFileReference; fileEncoding = 4; lastKnownFileType = sourcecode.c.h; path = PKAnimating.h; sourceTree = "<group>"; };
		B768D8171B50E54B00D2FEF7 /* PKAnimation.h */ = {isa = PBXFileReference; fileEncoding = 4; lastKnownFileType = sourcecode.c.h; path = PKAnimation.h; sourceTree = "<group>"; };
		B768D8181B50E54B00D2FEF7 /* PKAnimation.m */ = {isa = PBXFileReference; fileEncoding = 4; lastKnownFileType = sourcecode.c.objc; path = PKAnimation.m; sourceTree = "<group>"; };
		B768D8191B50E54B00D2FEF7 /* PKLayerAnimator.h */ = {isa = PBXFileReference; fileEncoding = 4; lastKnownFileType = sourcecode.c.h; path = PKLayerAnimator.h; sourceTree = "<group>"; };
		B768D81A1B50E54B00D2FEF7 /* PKLayerAnimator.m */ = {isa = PBXFileReference; fileEncoding = 4; lastKnownFileType = sourcecode.c.objc; path = PKLayerAnimator.m; sourceTree = "<group>"; };
		B768D81B1B50E54B00D2FEF7 /* PKSequentialAnimation.h */ = {isa = PBXFileReference; fileEncoding = 4; lastKnownFileType = sourcecode.c.h; path = PKSequentialAnimation.h; sourceTree = "<group>"; };
		B768D81C1B50E54B00D2FEF7 /* PKSequentialAnimation.m */ = {isa = PBXFileReference; fileEncoding = 4; lastKnownFileType = sourcecode.c.objc; path = PKSequentialAnimation.m; sourceTree = "<group>"; };
		B768D81E1B50E54B00D2FEF7 /* PKLog.h */ = {isa = PBXFileReference; fileEncoding = 4; lastKnownFileType = sourcecode.c.h; path = PKLog.h; sourceTree = "<group>"; };
		B768D81F1B50E54B00D2FEF7 /* PKLog.m */ = {isa = PBXFileReference; fileEncoding = 4; lastKnownFileType = sourcecode.c.objc; path = PKLog.m; sourceTree = "<group>"; };
		B768D8201B50E54B00D2FEF7 /* PKRevealController.h */ = {isa = PBXFileReference; fileEncoding = 4; lastKnownFileType = sourcecode.c.h; path = PKRevealController.h; sourceTree = "<group>"; };
		B768D8211B50E54B00D2FEF7 /* PKRevealController.m */ = {isa = PBXFileReference; fileEncoding = 4; lastKnownFileType = sourcecode.c.objc; path = PKRevealController.m; sourceTree = "<group>"; };
		B768D82D1B50E5BB00D2FEF7 /* MainViewController.h */ = {isa = PBXFileReference; fileEncoding = 4; lastKnownFileType = sourcecode.c.h; path = MainViewController.h; sourceTree = "<group>"; };
		B768D82E1B50E5BB00D2FEF7 /* MainViewController.m */ = {isa = PBXFileReference; fileEncoding = 4; lastKnownFileType = sourcecode.c.objc; path = MainViewController.m; sourceTree = "<group>"; };
		B7A58F171B4DFC3800C408D8 /* AppDelegate.h */ = {isa = PBXFileReference; fileEncoding = 4; lastKnownFileType = sourcecode.c.h; path = AppDelegate.h; sourceTree = "<group>"; };
		B7A58F181B4DFC3800C408D8 /* AppDelegate.m */ = {isa = PBXFileReference; fileEncoding = 4; lastKnownFileType = sourcecode.c.objc; path = AppDelegate.m; sourceTree = "<group>"; };
		B7A58F191B4DFC3800C408D8 /* SplashViewController.h */ = {isa = PBXFileReference; fileEncoding = 4; lastKnownFileType = sourcecode.c.h; path = SplashViewController.h; sourceTree = "<group>"; };
		B7A58F1A1B4DFC3800C408D8 /* SplashViewController.m */ = {isa = PBXFileReference; fileEncoding = 4; lastKnownFileType = sourcecode.c.objc; path = SplashViewController.m; sourceTree = "<group>"; };
		B7A58F1C1B4DFC3800C408D8 /* Images.xcassets */ = {isa = PBXFileReference; lastKnownFileType = folder.assetcatalog; path = Images.xcassets; sourceTree = "<group>"; };
		B7A58F1D1B4DFC3800C408D8 /* LaunchScreen.xib */ = {isa = PBXFileReference; fileEncoding = 4; lastKnownFileType = file.xib; path = LaunchScreen.xib; sourceTree = "<group>"; };
		B7A58F201B4DFC3800C408D8 /* Info.plist */ = {isa = PBXFileReference; fileEncoding = 4; lastKnownFileType = text.plist.xml; path = Info.plist; sourceTree = "<group>"; };
		B7A58F221B4DFC3800C408D8 /* Profit_Protector.xcdatamodel */ = {isa = PBXFileReference; lastKnownFileType = wrapper.xcdatamodel; path = Profit_Protector.xcdatamodel; sourceTree = "<group>"; };
		B7A58F231B4DFC3800C408D8 /* main.m */ = {isa = PBXFileReference; fileEncoding = 4; lastKnownFileType = sourcecode.c.objc; path = main.m; sourceTree = "<group>"; };
		B7AB0ECE1B4CE82E00AB6A3E /* Profit Protector.app */ = {isa = PBXFileReference; explicitFileType = wrapper.application; includeInIndex = 0; path = "Profit Protector.app"; sourceTree = BUILT_PRODUCTS_DIR; };
/* End PBXFileReference section */

/* Begin PBXFrameworksBuildPhase section */
		B7AB0ECB1B4CE82E00AB6A3E /* Frameworks */ = {
			isa = PBXFrameworksBuildPhase;
			buildActionMask = 2147483647;
			files = (
			);
			runOnlyForDeploymentPostprocessing = 0;
		};
/* End PBXFrameworksBuildPhase section */

/* Begin PBXGroup section */
		B768D8041B50E54B00D2FEF7 /* MBProgressHUD */ = {
			isa = PBXGroup;
			children = (
				B768D8051B50E54B00D2FEF7 /* MBProgressHUD.h */,
				B768D8061B50E54B00D2FEF7 /* MBProgressHUD.m */,
			);
			path = MBProgressHUD;
			sourceTree = "<group>";
		};
		B768D8071B50E54B00D2FEF7 /* PKRevealController */ = {
			isa = PBXGroup;
			children = (
				B768D8081B50E54B00D2FEF7 /* Categories */,
				B768D8111B50E54B00D2FEF7 /* Classes */,
				B768D8141B50E54B00D2FEF7 /* Modules */,
				B768D8201B50E54B00D2FEF7 /* PKRevealController.h */,
				B768D8211B50E54B00D2FEF7 /* PKRevealController.m */,
			);
			path = PKRevealController;
			sourceTree = "<group>";
		};
		B768D8081B50E54B00D2FEF7 /* Categories */ = {
			isa = PBXGroup;
			children = (
				B768D8091B50E54B00D2FEF7 /* CAAnimation+PKIdentifier.h */,
				B768D80A1B50E54B00D2FEF7 /* CAAnimation+PKIdentifier.m */,
				B768D80B1B50E54B00D2FEF7 /* CALayer+PKConvenienceAnimations.h */,
				B768D80C1B50E54B00D2FEF7 /* CALayer+PKConvenienceAnimations.m */,
				B768D80D1B50E54B00D2FEF7 /* NSObject+PKBlocks.h */,
				B768D80E1B50E54B00D2FEF7 /* NSObject+PKBlocks.m */,
				B768D80F1B50E54B00D2FEF7 /* UIViewController+PKRevealController.h */,
				B768D8101B50E54B00D2FEF7 /* UIViewController+PKRevealController.m */,
			);
			path = Categories;
			sourceTree = "<group>";
		};
		B768D8111B50E54B00D2FEF7 /* Classes */ = {
			isa = PBXGroup;
			children = (
				B768D8121B50E54B00D2FEF7 /* PKRevealControllerView.h */,
				B768D8131B50E54B00D2FEF7 /* PKRevealControllerView.m */,
			);
			path = Classes;
			sourceTree = "<group>";
		};
		B768D8141B50E54B00D2FEF7 /* Modules */ = {
			isa = PBXGroup;
			children = (
				B768D8151B50E54B00D2FEF7 /* PKLayerAnimator */,
				B768D81D1B50E54B00D2FEF7 /* PKLog */,
			);
			path = Modules;
			sourceTree = "<group>";
		};
		B768D8151B50E54B00D2FEF7 /* PKLayerAnimator */ = {
			isa = PBXGroup;
			children = (
				B768D8161B50E54B00D2FEF7 /* PKAnimating.h */,
				B768D8171B50E54B00D2FEF7 /* PKAnimation.h */,
				B768D8181B50E54B00D2FEF7 /* PKAnimation.m */,
				B768D8191B50E54B00D2FEF7 /* PKLayerAnimator.h */,
				B768D81A1B50E54B00D2FEF7 /* PKLayerAnimator.m */,
				B768D81B1B50E54B00D2FEF7 /* PKSequentialAnimation.h */,
				B768D81C1B50E54B00D2FEF7 /* PKSequentialAnimation.m */,
			);
			path = PKLayerAnimator;
			sourceTree = "<group>";
		};
		B768D81D1B50E54B00D2FEF7 /* PKLog */ = {
			isa = PBXGroup;
			children = (
				B768D81E1B50E54B00D2FEF7 /* PKLog.h */,
				B768D81F1B50E54B00D2FEF7 /* PKLog.m */,
			);
			path = PKLog;
			sourceTree = "<group>";
		};
		B7A58F161B4DFC3800C408D8 /* Classes */ = {
			isa = PBXGroup;
			children = (
				B7A58F171B4DFC3800C408D8 /* AppDelegate.h */,
				B7A58F181B4DFC3800C408D8 /* AppDelegate.m */,
				B768D8031B50E29C00D2FEF7 /* Constants.h */,
				B768D82D1B50E5BB00D2FEF7 /* MainViewController.h */,
				B768D82E1B50E5BB00D2FEF7 /* MainViewController.m */,
				B768D8041B50E54B00D2FEF7 /* MBProgressHUD */,
				B768D8071B50E54B00D2FEF7 /* PKRevealController */,
				B768D7FD1B50C44200D2FEF7 /* SignupViewController.h */,
				B768D7FE1B50C44200D2FEF7 /* SignupViewController.m */,
				B7A58F191B4DFC3800C408D8 /* SplashViewController.h */,
				B7A58F1A1B4DFC3800C408D8 /* SplashViewController.m */,
				B768D7FA1B50B41D00D2FEF7 /* SuperViewController.h */,
				B768D7FB1B50B41D00D2FEF7 /* SuperViewController.m */,
				B768D8001B50D36D00D2FEF7 /* TutorialViewController.h */,
				B768D8011B50D36D00D2FEF7 /* TutorialViewController.m */,
			);
			name = Classes;
			path = "Profit Protector/Classes";
			sourceTree = "<group>";
		};
		B7A58F1B1B4DFC3800C408D8 /* Resources */ = {
			isa = PBXGroup;
			children = (
				B7A58F1C1B4DFC3800C408D8 /* Images.xcassets */,
				B7A58F1D1B4DFC3800C408D8 /* LaunchScreen.xib */,
			);
			name = Resources;
			path = "Profit Protector/Resources";
			sourceTree = "<group>";
		};
		B7A58F1F1B4DFC3800C408D8 /* Supporting Files */ = {
			isa = PBXGroup;
			children = (
				B7A58F201B4DFC3800C408D8 /* Info.plist */,
				B7A58F211B4DFC3800C408D8 /* Profit_Protector.xcdatamodeld */,
				B7A58F231B4DFC3800C408D8 /* main.m */,
			);
			name = "Supporting Files";
			path = "Profit Protector/Supporting Files";
			sourceTree = "<group>";
		};
		B7AB0EC51B4CE82E00AB6A3E = {
			isa = PBXGroup;
			children = (
				B7A58F161B4DFC3800C408D8 /* Classes */,
				B7A58F1B1B4DFC3800C408D8 /* Resources */,
				B7A58F1F1B4DFC3800C408D8 /* Supporting Files */,
				B7AB0ECF1B4CE82E00AB6A3E /* Products */,
			);
			sourceTree = "<group>";
		};
		B7AB0ECF1B4CE82E00AB6A3E /* Products */ = {
			isa = PBXGroup;
			children = (
				B7AB0ECE1B4CE82E00AB6A3E /* Profit Protector.app */,
			);
			name = Products;
			sourceTree = "<group>";
		};
/* End PBXGroup section */

/* Begin PBXNativeTarget section */
		B7AB0ECD1B4CE82E00AB6A3E /* Profit Protector */ = {
			isa = PBXNativeTarget;
			buildConfigurationList = B7AB0EF41B4CE82E00AB6A3E /* Build configuration list for PBXNativeTarget "Profit Protector" */;
			buildPhases = (
				B7AB0ECA1B4CE82E00AB6A3E /* Sources */,
				B7AB0ECB1B4CE82E00AB6A3E /* Frameworks */,
				B7AB0ECC1B4CE82E00AB6A3E /* Resources */,
				B7A58F2C1B4DFC6C00C408D8 /* ShellScript */,
			);
			buildRules = (
			);
			dependencies = (
			);
			name = "Profit Protector";
			productName = "Profit Protector";
			productReference = B7AB0ECE1B4CE82E00AB6A3E /* Profit Protector.app */;
			productType = "com.apple.product-type.application";
		};
/* End PBXNativeTarget section */

/* Begin PBXProject section */
		B7AB0EC61B4CE82E00AB6A3E /* Project object */ = {
			isa = PBXProject;
			attributes = {
				LastUpgradeCheck = 0640;
				ORGANIZATIONNAME = "CleanBrands LLC";
				TargetAttributes = {
					B7AB0ECD1B4CE82E00AB6A3E = {
						CreatedOnToolsVersion = 6.4;
					};
				};
			};
			buildConfigurationList = B7AB0EC91B4CE82E00AB6A3E /* Build configuration list for PBXProject "Profit Protector" */;
			compatibilityVersion = "Xcode 3.2";
			developmentRegion = English;
			hasScannedForEncodings = 0;
			knownRegions = (
				en,
				Base,
			);
			mainGroup = B7AB0EC51B4CE82E00AB6A3E;
			productRefGroup = B7AB0ECF1B4CE82E00AB6A3E /* Products */;
			projectDirPath = "";
			projectRoot = "";
			targets = (
				B7AB0ECD1B4CE82E00AB6A3E /* Profit Protector */,
			);
		};
/* End PBXProject section */

/* Begin PBXResourcesBuildPhase section */
		B7AB0ECC1B4CE82E00AB6A3E /* Resources */ = {
			isa = PBXResourcesBuildPhase;
			buildActionMask = 2147483647;
			files = (
				B7A58F271B4DFC3800C408D8 /* LaunchScreen.xib in Resources */,
				B7A58F261B4DFC3800C408D8 /* Images.xcassets in Resources */,
			);
			runOnlyForDeploymentPostprocessing = 0;
		};
/* End PBXResourcesBuildPhase section */

/* Begin PBXShellScriptBuildPhase section */
		B7A58F2C1B4DFC6C00C408D8 /* ShellScript */ = {
			isa = PBXShellScriptBuildPhase;
			buildActionMask = 8;
			files = (
			);
			inputPaths = (
			);
			outputPaths = (
			);
			runOnlyForDeploymentPostprocessing = 1;
			shellPath = /bin/sh;
			shellScript = "VERSIONNUM=$(/usr/libexec/PlistBuddy -c \"Print CFBundleVersion\" \"${PROJECT_DIR}/${INFOPLIST_FILE}\")\nNEWSUBVERSION=`echo $VERSIONNUM | awk -F \".\" '{print $3}'`\nNEWSUBVERSION=$(($NEWSUBVERSION + 1))\nNEWVERSIONSTRING=`echo $VERSIONNUM | awk -F \".\" '{print $1 \".\" $2 \".'$NEWSUBVERSION'\" }'`\n/usr/libexec/PlistBuddy -c \"Set :CFBundleVersion $NEWVERSIONSTRING\" \"${PROJECT_DIR}/${INFOPLIST_FILE}\"";
		};
/* End PBXShellScriptBuildPhase section */

/* Begin PBXSourcesBuildPhase section */
		B7AB0ECA1B4CE82E00AB6A3E /* Sources */ = {
			isa = PBXSourcesBuildPhase;
			buildActionMask = 2147483647;
			files = (
				B768D8021B50D36D00D2FEF7 /* TutorialViewController.m in Sources */,
				B768D7FF1B50C44200D2FEF7 /* SignupViewController.m in Sources */,
				B7A58F241B4DFC3800C408D8 /* AppDelegate.m in Sources */,
				B768D82C1B50E54B00D2FEF7 /* PKRevealController.m in Sources */,
				B768D8271B50E54B00D2FEF7 /* PKRevealControllerView.m in Sources */,
				B768D8231B50E54B00D2FEF7 /* CAAnimation+PKIdentifier.m in Sources */,
				B768D82F1B50E5BB00D2FEF7 /* MainViewController.m in Sources */,
				B768D8251B50E54B00D2FEF7 /* NSObject+PKBlocks.m in Sources */,
				B7A58F251B4DFC3800C408D8 /* SplashViewController.m in Sources */,
				B768D7FC1B50B41D00D2FEF7 /* SuperViewController.m in Sources */,
				B768D82A1B50E54B00D2FEF7 /* PKSequentialAnimation.m in Sources */,
				B7A58F2B1B4DFC3800C408D8 /* main.m in Sources */,
				B768D8241B50E54B00D2FEF7 /* CALayer+PKConvenienceAnimations.m in Sources */,
				B7A58F2A1B4DFC3800C408D8 /* Profit_Protector.xcdatamodeld in Sources */,
				B768D8281B50E54B00D2FEF7 /* PKAnimation.m in Sources */,
				B768D8291B50E54B00D2FEF7 /* PKLayerAnimator.m in Sources */,
				B768D8261B50E54B00D2FEF7 /* UIViewController+PKRevealController.m in Sources */,
				B768D82B1B50E54B00D2FEF7 /* PKLog.m in Sources */,
				B768D8221B50E54B00D2FEF7 /* MBProgressHUD.m in Sources */,
			);
			runOnlyForDeploymentPostprocessing = 0;
		};
/* End PBXSourcesBuildPhase section */

/* Begin XCBuildConfiguration section */
		B7AB0EF21B4CE82E00AB6A3E /* Debug */ = {
			isa = XCBuildConfiguration;
			buildSettings = {
				ALWAYS_SEARCH_USER_PATHS = NO;
				CLANG_CXX_LANGUAGE_STANDARD = "gnu++0x";
				CLANG_CXX_LIBRARY = "libc++";
				CLANG_ENABLE_MODULES = YES;
				CLANG_ENABLE_OBJC_ARC = YES;
				CLANG_WARN_BOOL_CONVERSION = YES;
				CLANG_WARN_CONSTANT_CONVERSION = YES;
				CLANG_WARN_DIRECT_OBJC_ISA_USAGE = YES_ERROR;
				CLANG_WARN_EMPTY_BODY = YES;
				CLANG_WARN_ENUM_CONVERSION = YES;
				CLANG_WARN_INT_CONVERSION = YES;
				CLANG_WARN_OBJC_ROOT_CLASS = YES_ERROR;
				CLANG_WARN_UNREACHABLE_CODE = YES;
				CLANG_WARN__DUPLICATE_METHOD_MATCH = YES;
				"CODE_SIGN_IDENTITY[sdk=iphoneos*]" = "iPhone Developer";
				COPY_PHASE_STRIP = NO;
				DEBUG_INFORMATION_FORMAT = "dwarf-with-dsym";
				ENABLE_STRICT_OBJC_MSGSEND = YES;
				GCC_C_LANGUAGE_STANDARD = gnu99;
				GCC_DYNAMIC_NO_PIC = NO;
				GCC_NO_COMMON_BLOCKS = YES;
				GCC_OPTIMIZATION_LEVEL = 0;
				GCC_PREPROCESSOR_DEFINITIONS = (
					"DEBUG=1",
					"$(inherited)",
				);
				GCC_SYMBOLS_PRIVATE_EXTERN = NO;
				GCC_WARN_64_TO_32_BIT_CONVERSION = YES;
				GCC_WARN_ABOUT_RETURN_TYPE = YES_ERROR;
				GCC_WARN_UNDECLARED_SELECTOR = YES;
				GCC_WARN_UNINITIALIZED_AUTOS = YES_AGGRESSIVE;
				GCC_WARN_UNUSED_FUNCTION = YES;
				GCC_WARN_UNUSED_VARIABLE = YES;
				IPHONEOS_DEPLOYMENT_TARGET = 8.4;
				MTL_ENABLE_DEBUG_INFO = YES;
				ONLY_ACTIVE_ARCH = YES;
				SDKROOT = iphoneos;
				TARGETED_DEVICE_FAMILY = "1,2";
			};
			name = Debug;
		};
		B7AB0EF31B4CE82E00AB6A3E /* Distribution */ = {
			isa = XCBuildConfiguration;
			buildSettings = {
				ALWAYS_SEARCH_USER_PATHS = NO;
				CLANG_CXX_LANGUAGE_STANDARD = "gnu++0x";
				CLANG_CXX_LIBRARY = "libc++";
				CLANG_ENABLE_MODULES = YES;
				CLANG_ENABLE_OBJC_ARC = YES;
				CLANG_WARN_BOOL_CONVERSION = YES;
				CLANG_WARN_CONSTANT_CONVERSION = YES;
				CLANG_WARN_DIRECT_OBJC_ISA_USAGE = YES_ERROR;
				CLANG_WARN_EMPTY_BODY = YES;
				CLANG_WARN_ENUM_CONVERSION = YES;
				CLANG_WARN_INT_CONVERSION = YES;
				CLANG_WARN_OBJC_ROOT_CLASS = YES_ERROR;
				CLANG_WARN_UNREACHABLE_CODE = YES;
				CLANG_WARN__DUPLICATE_METHOD_MATCH = YES;
				"CODE_SIGN_IDENTITY[sdk=iphoneos*]" = "iPhone Developer";
				COPY_PHASE_STRIP = NO;
				DEBUG_INFORMATION_FORMAT = "dwarf-with-dsym";
				ENABLE_NS_ASSERTIONS = NO;
				ENABLE_STRICT_OBJC_MSGSEND = YES;
				GCC_C_LANGUAGE_STANDARD = gnu99;
				GCC_NO_COMMON_BLOCKS = YES;
				GCC_WARN_64_TO_32_BIT_CONVERSION = YES;
				GCC_WARN_ABOUT_RETURN_TYPE = YES_ERROR;
				GCC_WARN_UNDECLARED_SELECTOR = YES;
				GCC_WARN_UNINITIALIZED_AUTOS = YES_AGGRESSIVE;
				GCC_WARN_UNUSED_FUNCTION = YES;
				GCC_WARN_UNUSED_VARIABLE = YES;
				IPHONEOS_DEPLOYMENT_TARGET = 8.4;
				MTL_ENABLE_DEBUG_INFO = NO;
				SDKROOT = iphoneos;
				TARGETED_DEVICE_FAMILY = "1,2";
				VALIDATE_PRODUCT = YES;
			};
			name = Distribution;
		};
		B7AB0EF51B4CE82E00AB6A3E /* Debug */ = {
			isa = XCBuildConfiguration;
			buildSettings = {
				ASSETCATALOG_COMPILER_APPICON_NAME = AppIcon;
				INFOPLIST_FILE = "Profit Protector/Supporting Files/Info.plist";
				LD_RUNPATH_SEARCH_PATHS = "$(inherited) @executable_path/Frameworks";
				PRODUCT_NAME = "$(TARGET_NAME)";
				TARGETED_DEVICE_FAMILY = 1;
			};
			name = Debug;
		};
		B7AB0EF61B4CE82E00AB6A3E /* Distribution */ = {
			isa = XCBuildConfiguration;
			buildSettings = {
				ASSETCATALOG_COMPILER_APPICON_NAME = AppIcon;
				"CODE_SIGN_IDENTITY[sdk=iphoneos*]" = "iPhone Distribution: CLEANBRANDS LLC (WQQK8SCDZ4)";
				INFOPLIST_FILE = "Profit Protector/Supporting Files/Info.plist";
				LD_RUNPATH_SEARCH_PATHS = "$(inherited) @executable_path/Frameworks";
				PRODUCT_NAME = "$(TARGET_NAME)";
				PROVISIONING_PROFILE = "d6aeea82-3e49-4c1e-9c9e-46c29bea9710";
				TARGETED_DEVICE_FAMILY = 1;
			};
			name = Distribution;
		};
/* End XCBuildConfiguration section */

/* Begin XCConfigurationList section */
		B7AB0EC91B4CE82E00AB6A3E /* Build configuration list for PBXProject "Profit Protector" */ = {
			isa = XCConfigurationList;
			buildConfigurations = (
				B7AB0EF21B4CE82E00AB6A3E /* Debug */,
				B7AB0EF31B4CE82E00AB6A3E /* Distribution */,
			);
			defaultConfigurationIsVisible = 0;
			defaultConfigurationName = Distribution;
		};
		B7AB0EF41B4CE82E00AB6A3E /* Build configuration list for PBXNativeTarget "Profit Protector" */ = {
			isa = XCConfigurationList;
			buildConfigurations = (
				B7AB0EF51B4CE82E00AB6A3E /* Debug */,
				B7AB0EF61B4CE82E00AB6A3E /* Distribution */,
			);
			defaultConfigurationIsVisible = 0;
			defaultConfigurationName = Distribution;
		};
/* End XCConfigurationList section */

/* Begin XCVersionGroup section */
		B7A58F211B4DFC3800C408D8 /* Profit_Protector.xcdatamodeld */ = {
			isa = XCVersionGroup;
			children = (
				B7A58F221B4DFC3800C408D8 /* Profit_Protector.xcdatamodel */,
			);
			currentVersion = B7A58F221B4DFC3800C408D8 /* Profit_Protector.xcdatamodel */;
			path = Profit_Protector.xcdatamodeld;
			sourceTree = "<group>";
			versionGroupType = wrapper.xcdatamodel;
		};
/* End XCVersionGroup section */
	};
	rootObject = B7AB0EC61B4CE82E00AB6A3E /* Project object */;
}
